
Microsoft Visual Studio Solution File, Format Version 12.00
# Visual Studio 15
VisualStudioVersion = 15.0.27130.2027
MinimumVisualStudioVersion = 10.0.40219.1
Project("{FAE04EC0-301F-11D3-BF4B-00C04F79EFBC}") = "MolecularDynamics.Application", "MolecularDynamics.Application\MolecularDynamics.Application.csproj", "{CFB56EB0-C2BE-41EA-AC09-F928075C3578}"
EndProject
Project("{FAE04EC0-301F-11D3-BF4B-00C04F79EFBC}") = "MolecularDynamics.Model", "MolecularDynamics.Model\MolecularDynamics.Model.csproj", "{D1C9D144-2FB6-4A28-B177-0EFEDB2A9374}"
EndProject
Project("{FAE04EC0-301F-11D3-BF4B-00C04F79EFBC}") = "MolecularDynamics.Tests", "MolecularDynamics.Tests\MolecularDynamics.Tests.csproj", "{C031EF56-1536-4784-ADA6-E0A74569F282}"
EndProject
Project("{FAE04EC0-301F-11D3-BF4B-00C04F79EFBC}") = "MolecularDynamics.Visualization", "MolecularDynamics.Visualization\MolecularDynamics.Visualization.csproj", "{ACAEBA80-B855-4BFD-8C06-AAABA066BCAF}"
EndProject
Global
	GlobalSection(SolutionConfigurationPlatforms) = preSolution
		Debug|Any CPU = Debug|Any CPU
		Debug|x64 = Debug|x64
		Debug|x86 = Debug|x86
		Release|Any CPU = Release|Any CPU
		Release|x64 = Release|x64
		Release|x86 = Release|x86
	EndGlobalSection
	GlobalSection(ProjectConfigurationPlatforms) = postSolution
		{CFB56EB0-C2BE-41EA-AC09-F928075C3578}.Debug|Any CPU.ActiveCfg = Debug|Any CPU
		{CFB56EB0-C2BE-41EA-AC09-F928075C3578}.Debug|Any CPU.Build.0 = Debug|Any CPU
		{CFB56EB0-C2BE-41EA-AC09-F928075C3578}.Debug|x64.ActiveCfg = Debug|Any CPU
		{CFB56EB0-C2BE-41EA-AC09-F928075C3578}.Debug|x64.Build.0 = Debug|Any CPU
		{CFB56EB0-C2BE-41EA-AC09-F928075C3578}.Debug|x86.ActiveCfg = Debug|Any CPU
		{CFB56EB0-C2BE-41EA-AC09-F928075C3578}.Debug|x86.Build.0 = Debug|Any CPU
		{CFB56EB0-C2BE-41EA-AC09-F928075C3578}.Release|Any CPU.ActiveCfg = Release|Any CPU
		{CFB56EB0-C2BE-41EA-AC09-F928075C3578}.Release|Any CPU.Build.0 = Release|Any CPU
		{CFB56EB0-C2BE-41EA-AC09-F928075C3578}.Release|x64.ActiveCfg = Release|Any CPU
		{CFB56EB0-C2BE-41EA-AC09-F928075C3578}.Release|x64.Build.0 = Release|Any CPU
		{CFB56EB0-C2BE-41EA-AC09-F928075C3578}.Release|x86.ActiveCfg = Release|Any CPU
		{CFB56EB0-C2BE-41EA-AC09-F928075C3578}.Release|x86.Build.0 = Release|Any CPU
		{D1C9D144-2FB6-4A28-B177-0EFEDB2A9374}.Debug|Any CPU.ActiveCfg = Debug|Any CPU
		{D1C9D144-2FB6-4A28-B177-0EFEDB2A9374}.Debug|Any CPU.Build.0 = Debug|Any CPU
		{D1C9D144-2FB6-4A28-B177-0EFEDB2A9374}.Debug|x64.ActiveCfg = Debug|Any CPU
		{D1C9D144-2FB6-4A28-B177-0EFEDB2A9374}.Debug|x64.Build.0 = Debug|Any CPU
		{D1C9D144-2FB6-4A28-B177-0EFEDB2A9374}.Debug|x86.ActiveCfg = Debug|Any CPU
		{D1C9D144-2FB6-4A28-B177-0EFEDB2A9374}.Debug|x86.Build.0 = Debug|Any CPU
		{D1C9D144-2FB6-4A28-B177-0EFEDB2A9374}.Release|Any CPU.ActiveCfg = Release|Any CPU
		{D1C9D144-2FB6-4A28-B177-0EFEDB2A9374}.Release|Any CPU.Build.0 = Release|Any CPU
		{D1C9D144-2FB6-4A28-B177-0EFEDB2A9374}.Release|x64.ActiveCfg = Release|Any CPU
		{D1C9D144-2FB6-4A28-B177-0EFEDB2A9374}.Release|x64.Build.0 = Release|Any CPU
		{D1C9D144-2FB6-4A28-B177-0EFEDB2A9374}.Release|x86.ActiveCfg = Release|Any CPU
		{D1C9D144-2FB6-4A28-B177-0EFEDB2A9374}.Release|x86.Build.0 = Release|Any CPU
		{C031EF56-1536-4784-ADA6-E0A74569F282}.Debug|Any CPU.ActiveCfg = Debug|Any CPU
		{C031EF56-1536-4784-ADA6-E0A74569F282}.Debug|Any CPU.Build.0 = Debug|Any CPU
		{C031EF56-1536-4784-ADA6-E0A74569F282}.Debug|x64.ActiveCfg = Debug|Any CPU
		{C031EF56-1536-4784-ADA6-E0A74569F282}.Debug|x64.Build.0 = Debug|Any CPU
		{C031EF56-1536-4784-ADA6-E0A74569F282}.Debug|x86.ActiveCfg = Debug|Any CPU
		{C031EF56-1536-4784-ADA6-E0A74569F282}.Debug|x86.Build.0 = Debug|Any CPU
		{C031EF56-1536-4784-ADA6-E0A74569F282}.Release|Any CPU.ActiveCfg = Release|Any CPU
		{C031EF56-1536-4784-ADA6-E0A74569F282}.Release|Any CPU.Build.0 = Release|Any CPU
		{C031EF56-1536-4784-ADA6-E0A74569F282}.Release|x64.ActiveCfg = Release|Any CPU
		{C031EF56-1536-4784-ADA6-E0A74569F282}.Release|x64.Build.0 = Release|Any CPU
		{C031EF56-1536-4784-ADA6-E0A74569F282}.Release|x86.ActiveCfg = Release|Any CPU
		{C031EF56-1536-4784-ADA6-E0A74569F282}.Release|x86.Build.0 = Release|Any CPU
		{ACAEBA80-B855-4BFD-8C06-AAABA066BCAF}.Debug|Any CPU.ActiveCfg = Debug|Any CPU
		{ACAEBA80-B855-4BFD-8C06-AAABA066BCAF}.Debug|Any CPU.Build.0 = Debug|Any CPU
		{ACAEBA80-B855-4BFD-8C06-AAABA066BCAF}.Debug|x64.ActiveCfg = Debug|Any CPU
		{ACAEBA80-B855-4BFD-8C06-AAABA066BCAF}.Debug|x64.Build.0 = Debug|Any CPU
		{ACAEBA80-B855-4BFD-8C06-AAABA066BCAF}.Debug|x86.ActiveCfg = Debug|Any CPU
		{ACAEBA80-B855-4BFD-8C06-AAABA066BCAF}.Debug|x86.Build.0 = Debug|Any CPU
		{ACAEBA80-B855-4BFD-8C06-AAABA066BCAF}.Release|Any CPU.ActiveCfg = Release|Any CPU
		{ACAEBA80-B855-4BFD-8C06-AAABA066BCAF}.Release|Any CPU.Build.0 = Release|Any CPU
		{ACAEBA80-B855-4BFD-8C06-AAABA066BCAF}.Release|x64.ActiveCfg = Release|Any CPU
		{ACAEBA80-B855-4BFD-8C06-AAABA066BCAF}.Release|x64.Build.0 = Release|Any CPU
		{ACAEBA80-B855-4BFD-8C06-AAABA066BCAF}.Release|x86.ActiveCfg = Release|Any CPU
		{ACAEBA80-B855-4BFD-8C06-AAABA066BCAF}.Release|x86.Build.0 = Release|Any CPU
	EndGlobalSection
	GlobalSection(SolutionProperties) = preSolution
		HideSolutionNode = FALSE
	EndGlobalSection
	GlobalSection(ExtensibilityGlobals) = postSolution
		SolutionGuid = {E5A38577-C2BA-46D3-AD26-2562183A39DF}
	EndGlobalSection
EndGlobal
